
Microsoft Visual Studio Solution File, Format Version 12.00
# Visual Studio Version 17
VisualStudioVersion = 17.8.34330.188
MinimumVisualStudioVersion = 10.0.40219.1
Project("{FAE04EC0-301F-11D3-BF4B-00C04F79EFBC}") = "Cadastro_users_v2.0", "Cadastro_users_v2.0.csproj", "{9D13DA66-677A-426A-9035-110634C79406}"
EndProject
Global
	GlobalSection(SolutionConfigurationPlatforms) = preSolution
		Debug|Any CPU = Debug|Any CPU
		Release|Any CPU = Release|Any CPU
	EndGlobalSection
	GlobalSection(ProjectConfigurationPlatforms) = postSolution
		{9D13DA66-677A-426A-9035-110634C79406}.Debug|Any CPU.ActiveCfg = Debug|Any CPU
		{9D13DA66-677A-426A-9035-110634C79406}.Debug|Any CPU.Build.0 = Debug|Any CPU
		{9D13DA66-677A-426A-9035-110634C79406}.Release|Any CPU.ActiveCfg = Release|Any CPU
		{9D13DA66-677A-426A-9035-110634C79406}.Release|Any CPU.Build.0 = Release|Any CPU
	EndGlobalSection
	GlobalSection(SolutionProperties) = preSolution
		HideSolutionNode = FALSE
	EndGlobalSection
	GlobalSection(ExtensibilityGlobals) = postSolution
		SolutionGuid = {3AE7E49C-F5BC-4F49-985B-F27697E34AF9}
	EndGlobalSection
EndGlobal
